
Microsoft Visual Studio Solution File, Format Version 12.00
# Visual Studio Version 16
VisualStudioVersion = 16.0.31624.102
MinimumVisualStudioVersion = 10.0.40219.1
Project("{8BC9CEB8-8B4A-11D0-8D11-00A0C91BC942}") = "processManagement", "processManagement\processManagement.vcxproj", "{2FC62B59-C382-44B8-9A8E-CB7A0668833C}"
EndProject
Project("{8BC9CEB8-8B4A-11D0-8D11-00A0C91BC942}") = "GPS", "GPS\GPS.vcxproj", "{1D14485A-E289-42F3-8107-314177527484}"
EndProject
Global
	GlobalSection(SolutionConfigurationPlatforms) = preSolution
		Debug|x64 = Debug|x64
		Debug|x86 = Debug|x86
		Release|x64 = Release|x64
		Release|x86 = Release|x86
	EndGlobalSection
	GlobalSection(ProjectConfigurationPlatforms) = postSolution
		{2FC62B59-C382-44B8-9A8E-CB7A0668833C}.Debug|x64.ActiveCfg = Debug|x64
		{2FC62B59-C382-44B8-9A8E-CB7A0668833C}.Debug|x64.Build.0 = Debug|x64
		{2FC62B59-C382-44B8-9A8E-CB7A0668833C}.Debug|x86.ActiveCfg = Debug|Win32
		{2FC62B59-C382-44B8-9A8E-CB7A0668833C}.Debug|x86.Build.0 = Debug|Win32
		{2FC62B59-C382-44B8-9A8E-CB7A0668833C}.Release|x64.ActiveCfg = Release|x64
		{2FC62B59-C382-44B8-9A8E-CB7A0668833C}.Release|x64.Build.0 = Release|x64
		{2FC62B59-C382-44B8-9A8E-CB7A0668833C}.Release|x86.ActiveCfg = Release|Win32
		{2FC62B59-C382-44B8-9A8E-CB7A0668833C}.Release|x86.Build.0 = Release|Win32
		{1D14485A-E289-42F3-8107-314177527484}.Debug|x64.ActiveCfg = Debug|x64
		{1D14485A-E289-42F3-8107-314177527484}.Debug|x64.Build.0 = Debug|x64
		{1D14485A-E289-42F3-8107-314177527484}.Debug|x86.ActiveCfg = Debug|Win32
		{1D14485A-E289-42F3-8107-314177527484}.Debug|x86.Build.0 = Debug|Win32
		{1D14485A-E289-42F3-8107-314177527484}.Release|x64.ActiveCfg = Release|x64
		{1D14485A-E289-42F3-8107-314177527484}.Release|x64.Build.0 = Release|x64
		{1D14485A-E289-42F3-8107-314177527484}.Release|x86.ActiveCfg = Release|Win32
		{1D14485A-E289-42F3-8107-314177527484}.Release|x86.Build.0 = Release|Win32
	EndGlobalSection
	GlobalSection(SolutionProperties) = preSolution
		HideSolutionNode = FALSE
	EndGlobalSection
	GlobalSection(ExtensibilityGlobals) = postSolution
		SolutionGuid = {37207B9D-506E-4BCF-A951-F9935A08A224}
	EndGlobalSection
EndGlobal
